
Microsoft Visual Studio Solution File, Format Version 12.00
# Visual Studio Version 16
VisualStudioVersion = 16.0.31321.278
MinimumVisualStudioVersion = 10.0.40219.1
Project("{9A19103F-16F7-4668-BE54-9A1E7A4F7556}") = "stpaint", "stpaint.csproj", "{F5461FCF-2D88-488D-ACB6-53C67AFEE813}"
EndProject
Global
	GlobalSection(SolutionConfigurationPlatforms) = preSolution
		Debug|Any CPU = Debug|Any CPU
		Release|Any CPU = Release|Any CPU
	EndGlobalSection
	GlobalSection(ProjectConfigurationPlatforms) = postSolution
		{F5461FCF-2D88-488D-ACB6-53C67AFEE813}.Debug|Any CPU.ActiveCfg = Debug|Any CPU
		{F5461FCF-2D88-488D-ACB6-53C67AFEE813}.Debug|Any CPU.Build.0 = Debug|Any CPU
		{F5461FCF-2D88-488D-ACB6-53C67AFEE813}.Release|Any CPU.ActiveCfg = Release|Any CPU
		{F5461FCF-2D88-488D-ACB6-53C67AFEE813}.Release|Any CPU.Build.0 = Release|Any CPU
	EndGlobalSection
	GlobalSection(SolutionProperties) = preSolution
		HideSolutionNode = FALSE
	EndGlobalSection
	GlobalSection(ExtensibilityGlobals) = postSolution
		SolutionGuid = {A10A183C-327F-42CC-B4F0-1C7848EBA59D}
	EndGlobalSection
EndGlobal
